
Microsoft Visual Studio Solution File, Format Version 12.00
# Visual Studio Version 17
VisualStudioVersion = 17.0.31919.166
MinimumVisualStudioVersion = 10.0.40219.1
Project("{9A19103F-16F7-4668-BE54-9A1E7A4F7556}") = "SqueakyClean", "SqueakyClean.csproj", "{87B39B12-D5E7-475C-9CD7-D93D75E1A3AF}"
EndProject
Global
	GlobalSection(SolutionConfigurationPlatforms) = preSolution
		Debug|Any CPU = Debug|Any CPU
		Release|Any CPU = Release|Any CPU
	EndGlobalSection
	GlobalSection(ProjectConfigurationPlatforms) = postSolution
		{87B39B12-D5E7-475C-9CD7-D93D75E1A3AF}.Debug|Any CPU.ActiveCfg = Debug|Any CPU
		{87B39B12-D5E7-475C-9CD7-D93D75E1A3AF}.Debug|Any CPU.Build.0 = Debug|Any CPU
		{87B39B12-D5E7-475C-9CD7-D93D75E1A3AF}.Release|Any CPU.ActiveCfg = Release|Any CPU
		{87B39B12-D5E7-475C-9CD7-D93D75E1A3AF}.Release|Any CPU.Build.0 = Release|Any CPU
	EndGlobalSection
	GlobalSection(SolutionProperties) = preSolution
		HideSolutionNode = FALSE
	EndGlobalSection
	GlobalSection(ExtensibilityGlobals) = postSolution
		SolutionGuid = {A9780507-98C3-4B4B-9CB9-2B340409D4EF}
	EndGlobalSection
EndGlobal
