
Microsoft Visual Studio Solution File, Format Version 12.00
# Visual Studio Version 17
VisualStudioVersion = 17.0.31919.166
MinimumVisualStudioVersion = 10.0.40219.1
Project("{9A19103F-16F7-4668-BE54-9A1E7A4F7556}") = "InternationalCallingConnoisseur", "InternationalCallingConnoisseur.csproj", "{20BDFF48-758E-4CC5-9573-1C8311E13B11}"
EndProject
Global
	GlobalSection(SolutionConfigurationPlatforms) = preSolution
		Debug|Any CPU = Debug|Any CPU
		Release|Any CPU = Release|Any CPU
	EndGlobalSection
	GlobalSection(ProjectConfigurationPlatforms) = postSolution
		{20BDFF48-758E-4CC5-9573-1C8311E13B11}.Debug|Any CPU.ActiveCfg = Debug|Any CPU
		{20BDFF48-758E-4CC5-9573-1C8311E13B11}.Debug|Any CPU.Build.0 = Debug|Any CPU
		{20BDFF48-758E-4CC5-9573-1C8311E13B11}.Release|Any CPU.ActiveCfg = Release|Any CPU
		{20BDFF48-758E-4CC5-9573-1C8311E13B11}.Release|Any CPU.Build.0 = Release|Any CPU
	EndGlobalSection
	GlobalSection(SolutionProperties) = preSolution
		HideSolutionNode = FALSE
	EndGlobalSection
	GlobalSection(ExtensibilityGlobals) = postSolution
		SolutionGuid = {91C46F14-BA42-48DD-90A7-942DC9EEFFC4}
	EndGlobalSection
EndGlobal
