
Microsoft Visual Studio Solution File, Format Version 12.00
# Visual Studio Version 17
VisualStudioVersion = 17.0.31919.166
MinimumVisualStudioVersion = 10.0.40219.1
Project("{9A19103F-16F7-4668-BE54-9A1E7A4F7556}") = "HyperOptimizedTelemetry", "HyperOptimizedTelemetry.csproj", "{49960CB3-AC96-4526-9540-D64513CC22DB}"
EndProject
Global
	GlobalSection(SolutionConfigurationPlatforms) = preSolution
		Debug|Any CPU = Debug|Any CPU
		Release|Any CPU = Release|Any CPU
	EndGlobalSection
	GlobalSection(ProjectConfigurationPlatforms) = postSolution
		{49960CB3-AC96-4526-9540-D64513CC22DB}.Debug|Any CPU.ActiveCfg = Debug|Any CPU
		{49960CB3-AC96-4526-9540-D64513CC22DB}.Debug|Any CPU.Build.0 = Debug|Any CPU
		{49960CB3-AC96-4526-9540-D64513CC22DB}.Release|Any CPU.ActiveCfg = Release|Any CPU
		{49960CB3-AC96-4526-9540-D64513CC22DB}.Release|Any CPU.Build.0 = Release|Any CPU
	EndGlobalSection
	GlobalSection(SolutionProperties) = preSolution
		HideSolutionNode = FALSE
	EndGlobalSection
	GlobalSection(ExtensibilityGlobals) = postSolution
		SolutionGuid = {23DAF68D-AB16-47DF-A94E-CC3AC64AC201}
	EndGlobalSection
EndGlobal
